// !$*UTF8*$!
{
	archiveVersion = 1;
	classes = {
	};
	objectVersion = 56;
	objects = {

/* Begin PBXBuildFile section */
		57680DE92C6789D8000233B9 /* MacIslandApp.swift in Sources */ = {isa = PBXBuildFile; fileRef = 57680DE82C6789D8000233B9 /* MacIslandApp.swift */; };
		57680DEB2C6789D8000233B9 /* ContentView.swift in Sources */ = {isa = PBXBuildFile; fileRef = 57680DEA2C6789D8000233B9 /* ContentView.swift */; };
		57680DED2C6789D9000233B9 /* Assets.xcassets in Resources */ = {isa = PBXBuildFile; fileRef = 57680DEC2C6789D9000233B9 /* Assets.xcassets */; };
		57680DF02C6789D9000233B9 /* Preview Assets.xcassets in Resources */ = {isa = PBXBuildFile; fileRef = 57680DEF2C6789D9000233B9 /* Preview Assets.xcassets */; };
		57680DFB2C6789D9000233B9 /* MacIslandTests.swift in Sources */ = {isa = PBXBuildFile; fileRef = 57680DFA2C6789D9000233B9 /* MacIslandTests.swift */; };
		57680E052C6789D9000233B9 /* MacIslandUITests.swift in Sources */ = {isa = PBXBuildFile; fileRef = 57680E042C6789D9000233B9 /* MacIslandUITests.swift */; };
		57680E072C6789D9000233B9 /* MacIslandUITestsLaunchTests.swift in Sources */ = {isa = PBXBuildFile; fileRef = 57680E062C6789D9000233B9 /* MacIslandUITestsLaunchTests.swift */; };
/* End PBXBuildFile section */

/* Begin PBXContainerItemProxy section */
		57680DF72C6789D9000233B9 /* PBXContainerItemProxy */ = {
			isa = PBXContainerItemProxy;
			containerPortal = 57680DDD2C6789D8000233B9 /* Project object */;
			proxyType = 1;
			remoteGlobalIDString = 57680DE42C6789D8000233B9;
			remoteInfo = MacIsland;
		};
		57680E012C6789D9000233B9 /* PBXContainerItemProxy */ = {
			isa = PBXContainerItemProxy;
			containerPortal = 57680DDD2C6789D8000233B9 /* Project object */;
			proxyType = 1;
			remoteGlobalIDString = 57680DE42C6789D8000233B9;
			remoteInfo = MacIsland;
		};
/* End PBXContainerItemProxy section */

/* Begin PBXFileReference section */
		57680DE52C6789D8000233B9 /* MacIsland.app */ = {isa = PBXFileReference; explicitFileType = wrapper.application; includeInIndex = 0; path = MacIsland.app; sourceTree = BUILT_PRODUCTS_DIR; };
		57680DE82C6789D8000233B9 /* MacIslandApp.swift */ = {isa = PBXFileReference; lastKnownFileType = sourcecode.swift; path = MacIslandApp.swift; sourceTree = "<group>"; };
		57680DEA2C6789D8000233B9 /* ContentView.swift */ = {isa = PBXFileReference; lastKnownFileType = sourcecode.swift; path = ContentView.swift; sourceTree = "<group>"; };
		57680DEC2C6789D9000233B9 /* Assets.xcassets */ = {isa = PBXFileReference; lastKnownFileType = folder.assetcatalog; path = Assets.xcassets; sourceTree = "<group>"; };
		57680DEF2C6789D9000233B9 /* Preview Assets.xcassets */ = {isa = PBXFileReference; lastKnownFileType = folder.assetcatalog; path = "Preview Assets.xcassets"; sourceTree = "<group>"; };
		57680DF12C6789D9000233B9 /* MacIsland.entitlements */ = {isa = PBXFileReference; lastKnownFileType = text.plist.entitlements; path = MacIsland.entitlements; sourceTree = "<group>"; };
		57680DF62C6789D9000233B9 /* MacIslandTests.xctest */ = {isa = PBXFileReference; explicitFileType = wrapper.cfbundle; includeInIndex = 0; path = MacIslandTests.xctest; sourceTree = BUILT_PRODUCTS_DIR; };
		57680DFA2C6789D9000233B9 /* MacIslandTests.swift */ = {isa = PBXFileReference; lastKnownFileType = sourcecode.swift; path = MacIslandTests.swift; sourceTree = "<group>"; };
		57680E002C6789D9000233B9 /* MacIslandUITests.xctest */ = {isa = PBXFileReference; explicitFileType = wrapper.cfbundle; includeInIndex = 0; path = MacIslandUITests.xctest; sourceTree = BUILT_PRODUCTS_DIR; };
		57680E042C6789D9000233B9 /* MacIslandUITests.swift */ = {isa = PBXFileReference; lastKnownFileType = sourcecode.swift; path = MacIslandUITests.swift; sourceTree = "<group>"; };
		57680E062C6789D9000233B9 /* MacIslandUITestsLaunchTests.swift */ = {isa = PBXFileReference; lastKnownFileType = sourcecode.swift; path = MacIslandUITestsLaunchTests.swift; sourceTree = "<group>"; };
/* End PBXFileReference section */

/* Begin PBXFrameworksBuildPhase section */
		57680DE22C6789D8000233B9 /* Frameworks */ = {
			isa = PBXFrameworksBuildPhase;
			buildActionMask = 2147483647;
			files = (
			);
			runOnlyForDeploymentPostprocessing = 0;
		};
		57680DF32C6789D9000233B9 /* Frameworks */ = {
			isa = PBXFrameworksBuildPhase;
			buildActionMask = 2147483647;
			files = (
			);
			runOnlyForDeploymentPostprocessing = 0;
		};
		57680DFD2C6789D9000233B9 /* Frameworks */ = {
			isa = PBXFrameworksBuildPhase;
			buildActionMask = 2147483647;
			files = (
			);
			runOnlyForDeploymentPostprocessing = 0;
		};
/* End PBXFrameworksBuildPhase section */

/* Begin PBXGroup section */
		57680DDC2C6789D8000233B9 = {
			isa = PBXGroup;
			children = (
				57680DE72C6789D8000233B9 /* MacIsland */,
				57680DF92C6789D9000233B9 /* MacIslandTests */,
				57680E032C6789D9000233B9 /* MacIslandUITests */,
				57680DE62C6789D8000233B9 /* Products */,
			);
			sourceTree = "<group>";
		};
		57680DE62C6789D8000233B9 /* Products */ = {
			isa = PBXGroup;
			children = (
				57680DE52C6789D8000233B9 /* MacIsland.app */,
				57680DF62C6789D9000233B9 /* MacIslandTests.xctest */,
				57680E002C6789D9000233B9 /* MacIslandUITests.xctest */,
			);
			name = Products;
			sourceTree = "<group>";
		};
		57680DE72C6789D8000233B9 /* MacIsland */ = {
			isa = PBXGroup;
			children = (
				57680DE82C6789D8000233B9 /* MacIslandApp.swift */,
				57680DEA2C6789D8000233B9 /* ContentView.swift */,
				57680DEC2C6789D9000233B9 /* Assets.xcassets */,
				57680DF12C6789D9000233B9 /* MacIsland.entitlements */,
				57680DEE2C6789D9000233B9 /* Preview Content */,
			);
			path = MacIsland;
			sourceTree = "<group>";
		};
		57680DEE2C6789D9000233B9 /* Preview Content */ = {
			isa = PBXGroup;
			children = (
				57680DEF2C6789D9000233B9 /* Preview Assets.xcassets */,
			);
			path = "Preview Content";
			sourceTree = "<group>";
		};
		57680DF92C6789D9000233B9 /* MacIslandTests */ = {
			isa = PBXGroup;
			children = (
				57680DFA2C6789D9000233B9 /* MacIslandTests.swift */,
			);
			path = MacIslandTests;
			sourceTree = "<group>";
		};
		57680E032C6789D9000233B9 /* MacIslandUITests */ = {
			isa = PBXGroup;
			children = (
				57680E042C6789D9000233B9 /* MacIslandUITests.swift */,
				57680E062C6789D9000233B9 /* MacIslandUITestsLaunchTests.swift */,
			);
			path = MacIslandUITests;
			sourceTree = "<group>";
		};
/* End PBXGroup section */

/* Begin PBXNativeTarget section */
		57680DE42C6789D8000233B9 /* MacIsland */ = {
			isa = PBXNativeTarget;
			buildConfigurationList = 57680E0A2C6789D9000233B9 /* Build configuration list for PBXNativeTarget "MacIsland" */;
			buildPhases = (
				57680DE12C6789D8000233B9 /* Sources */,
				57680DE22C6789D8000233B9 /* Frameworks */,
				57680DE32C6789D8000233B9 /* Resources */,
			);
			buildRules = (
			);
			dependencies = (
			);
			name = MacIsland;
			productName = MacIsland;
			productReference = 57680DE52C6789D8000233B9 /* MacIsland.app */;
			productType = "com.apple.product-type.application";
		};
		57680DF52C6789D9000233B9 /* MacIslandTests */ = {
			isa = PBXNativeTarget;
			buildConfigurationList = 57680E0D2C6789D9000233B9 /* Build configuration list for PBXNativeTarget "MacIslandTests" */;
			buildPhases = (
				57680DF22C6789D9000233B9 /* Sources */,
				57680DF32C6789D9000233B9 /* Frameworks */,
				57680DF42C6789D9000233B9 /* Resources */,
			);
			buildRules = (
			);
			dependencies = (
				57680DF82C6789D9000233B9 /* PBXTargetDependency */,
			);
			name = MacIslandTests;
			productName = MacIslandTests;
			productReference = 57680DF62C6789D9000233B9 /* MacIslandTests.xctest */;
			productType = "com.apple.product-type.bundle.unit-test";
		};
		57680DFF2C6789D9000233B9 /* MacIslandUITests */ = {
			isa = PBXNativeTarget;
			buildConfigurationList = 57680E102C6789D9000233B9 /* Build configuration list for PBXNativeTarget "MacIslandUITests" */;
			buildPhases = (
				57680DFC2C6789D9000233B9 /* Sources */,
				57680DFD2C6789D9000233B9 /* Frameworks */,
				57680DFE2C6789D9000233B9 /* Resources */,
			);
			buildRules = (
			);
			dependencies = (
				57680E022C6789D9000233B9 /* PBXTargetDependency */,
			);
			name = MacIslandUITests;
			productName = MacIslandUITests;
			productReference = 57680E002C6789D9000233B9 /* MacIslandUITests.xctest */;
			productType = "com.apple.product-type.bundle.ui-testing";
		};
/* End PBXNativeTarget section */

/* Begin PBXProject section */
		57680DDD2C6789D8000233B9 /* Project object */ = {
			isa = PBXProject;
			attributes = {
				BuildIndependentTargetsInParallel = 1;
				LastSwiftUpdateCheck = 1540;
				LastUpgradeCheck = 1540;
				TargetAttributes = {
					57680DE42C6789D8000233B9 = {
						CreatedOnToolsVersion = 15.4;
					};
					57680DF52C6789D9000233B9 = {
						CreatedOnToolsVersion = 15.4;
						TestTargetID = 57680DE42C6789D8000233B9;
					};
					57680DFF2C6789D9000233B9 = {
						CreatedOnToolsVersion = 15.4;
						TestTargetID = 57680DE42C6789D8000233B9;
					};
				};
			};
			buildConfigurationList = 57680DE02C6789D8000233B9 /* Build configuration list for PBXProject "MacIsland" */;
			compatibilityVersion = "Xcode 14.0";
			developmentRegion = en;
			hasScannedForEncodings = 0;
			knownRegions = (
				en,
				Base,
			);
			mainGroup = 57680DDC2C6789D8000233B9;
			productRefGroup = 57680DE62C6789D8000233B9 /* Products */;
			projectDirPath = "";
			projectRoot = "";
			targets = (
				57680DE42C6789D8000233B9 /* MacIsland */,
				57680DF52C6789D9000233B9 /* MacIslandTests */,
				57680DFF2C6789D9000233B9 /* MacIslandUITests */,
			);
		};
/* End PBXProject section */

/* Begin PBXResourcesBuildPhase section */
		57680DE32C6789D8000233B9 /* Resources */ = {
			isa = PBXResourcesBuildPhase;
			buildActionMask = 2147483647;
			files = (
				57680DF02C6789D9000233B9 /* Preview Assets.xcassets in Resources */,
				57680DED2C6789D9000233B9 /* Assets.xcassets in Resources */,
			);
			runOnlyForDeploymentPostprocessing = 0;
		};
		57680DF42C6789D9000233B9 /* Resources */ = {
			isa = PBXResourcesBuildPhase;
			buildActionMask = 2147483647;
			files = (
			);
			runOnlyForDeploymentPostprocessing = 0;
		};
		57680DFE2C6789D9000233B9 /* Resources */ = {
			isa = PBXResourcesBuildPhase;
			buildActionMask = 2147483647;
			files = (
			);
			runOnlyForDeploymentPostprocessing = 0;
		};
/* End PBXResourcesBuildPhase section */

/* Begin PBXSourcesBuildPhase section */
		57680DE12C6789D8000233B9 /* Sources */ = {
			isa = PBXSourcesBuildPhase;
			buildActionMask = 2147483647;
			files = (
				57680DEB2C6789D8000233B9 /* ContentView.swift in Sources */,
				57680DE92C6789D8000233B9 /* MacIslandApp.swift in Sources */,
			);
			runOnlyForDeploymentPostprocessing = 0;
		};
		57680DF22C6789D9000233B9 /* Sources */ = {
			isa = PBXSourcesBuildPhase;
			buildActionMask = 2147483647;
			files = (
				57680DFB2C6789D9000233B9 /* MacIslandTests.swift in Sources */,
			);
			runOnlyForDeploymentPostprocessing = 0;
		};
		57680DFC2C6789D9000233B9 /* Sources */ = {
			isa = PBXSourcesBuildPhase;
			buildActionMask = 2147483647;
			files = (
				57680E052C6789D9000233B9 /* MacIslandUITests.swift in Sources */,
				57680E072C6789D9000233B9 /* MacIslandUITestsLaunchTests.swift in Sources */,
			);
			runOnlyForDeploymentPostprocessing = 0;
		};
/* End PBXSourcesBuildPhase section */

/* Begin PBXTargetDependency section */
		57680DF82C6789D9000233B9 /* PBXTargetDependency */ = {
			isa = PBXTargetDependency;
			target = 57680DE42C6789D8000233B9 /* MacIsland */;
			targetProxy = 57680DF72C6789D9000233B9 /* PBXContainerItemProxy */;
		};
		57680E022C6789D9000233B9 /* PBXTargetDependency */ = {
			isa = PBXTargetDependency;
			target = 57680DE42C6789D8000233B9 /* MacIsland */;
			targetProxy = 57680E012C6789D9000233B9 /* PBXContainerItemProxy */;
		};
/* End PBXTargetDependency section */

/* Begin XCBuildConfiguration section */
		57680E082C6789D9000233B9 /* Debug */ = {
			isa = XCBuildConfiguration;
			buildSettings = {
				ALWAYS_SEARCH_USER_PATHS = NO;
				ASSETCATALOG_COMPILER_GENERATE_SWIFT_ASSET_SYMBOL_EXTENSIONS = YES;
				CLANG_ANALYZER_NONNULL = YES;
				CLANG_ANALYZER_NUMBER_OBJECT_CONVERSION = YES_AGGRESSIVE;
				CLANG_CXX_LANGUAGE_STANDARD = "gnu++20";
				CLANG_ENABLE_MODULES = YES;
				CLANG_ENABLE_OBJC_ARC = YES;
				CLANG_ENABLE_OBJC_WEAK = YES;
				CLANG_WARN_BLOCK_CAPTURE_AUTORELEASING = YES;
				CLANG_WARN_BOOL_CONVERSION = YES;
				CLANG_WARN_COMMA = YES;
				CLANG_WARN_CONSTANT_CONVERSION = YES;
				CLANG_WARN_DEPRECATED_OBJC_IMPLEMENTATIONS = YES;
				CLANG_WARN_DIRECT_OBJC_ISA_USAGE = YES_ERROR;
				CLANG_WARN_DOCUMENTATION_COMMENTS = YES;
				CLANG_WARN_EMPTY_BODY = YES;
				CLANG_WARN_ENUM_CONVERSION = YES;
				CLANG_WARN_INFINITE_RECURSION = YES;
				CLANG_WARN_INT_CONVERSION = YES;
				CLANG_WARN_NON_LITERAL_NULL_CONVERSION = YES;
				CLANG_WARN_OBJC_IMPLICIT_RETAIN_SELF = YES;
				CLANG_WARN_OBJC_LITERAL_CONVERSION = YES;
				CLANG_WARN_OBJC_ROOT_CLASS = YES_ERROR;
				CLANG_WARN_QUOTED_INCLUDE_IN_FRAMEWORK_HEADER = YES;
				CLANG_WARN_RANGE_LOOP_ANALYSIS = YES;
				CLANG_WARN_STRICT_PROTOTYPES = YES;
				CLANG_WARN_SUSPICIOUS_MOVE = YES;
				CLANG_WARN_UNGUARDED_AVAILABILITY = YES_AGGRESSIVE;
				CLANG_WARN_UNREACHABLE_CODE = YES;
				CLANG_WARN__DUPLICATE_METHOD_MATCH = YES;
				COPY_PHASE_STRIP = NO;
				DEBUG_INFORMATION_FORMAT = dwarf;
				ENABLE_STRICT_OBJC_MSGSEND = YES;
				ENABLE_TESTABILITY = YES;
				ENABLE_USER_SCRIPT_SANDBOXING = YES;
				GCC_C_LANGUAGE_STANDARD = gnu17;
				GCC_DYNAMIC_NO_PIC = NO;
				GCC_NO_COMMON_BLOCKS = YES;
				GCC_OPTIMIZATION_LEVEL = 0;
				GCC_PREPROCESSOR_DEFINITIONS = (
					"DEBUG=1",
					"$(inherited)",
				);
				GCC_WARN_64_TO_32_BIT_CONVERSION = YES;
				GCC_WARN_ABOUT_RETURN_TYPE = YES_ERROR;
				GCC_WARN_UNDECLARED_SELECTOR = YES;
				GCC_WARN_UNINITIALIZED_AUTOS = YES_AGGRESSIVE;
				GCC_WARN_UNUSED_FUNCTION = YES;
				GCC_WARN_UNUSED_VARIABLE = YES;
				LOCALIZATION_PREFERS_STRING_CATALOGS = YES;
				MACOSX_DEPLOYMENT_TARGET = 14.5;
				MTL_ENABLE_DEBUG_INFO = INCLUDE_SOURCE;
				MTL_FAST_MATH = YES;
				ONLY_ACTIVE_ARCH = YES;
				SDKROOT = macosx;
				SWIFT_ACTIVE_COMPILATION_CONDITIONS = "DEBUG $(inherited)";
				SWIFT_OPTIMIZATION_LEVEL = "-Onone";
			};
			name = Debug;
		};
		57680E092C6789D9000233B9 /* Release */ = {
			isa = XCBuildConfiguration;
			buildSettings = {
				ALWAYS_SEARCH_USER_PATHS = NO;
				ASSETCATALOG_COMPILER_GENERATE_SWIFT_ASSET_SYMBOL_EXTENSIONS = YES;
				CLANG_ANALYZER_NONNULL = YES;
				CLANG_ANALYZER_NUMBER_OBJECT_CONVERSION = YES_AGGRESSIVE;
				CLANG_CXX_LANGUAGE_STANDARD = "gnu++20";
				CLANG_ENABLE_MODULES = YES;
				CLANG_ENABLE_OBJC_ARC = YES;
				CLANG_ENABLE_OBJC_WEAK = YES;
				CLANG_WARN_BLOCK_CAPTURE_AUTORELEASING = YES;
				CLANG_WARN_BOOL_CONVERSION = YES;
				CLANG_WARN_COMMA = YES;
				CLANG_WARN_CONSTANT_CONVERSION = YES;
				CLANG_WARN_DEPRECATED_OBJC_IMPLEMENTATIONS = YES;
				CLANG_WARN_DIRECT_OBJC_ISA_USAGE = YES_ERROR;
				CLANG_WARN_DOCUMENTATION_COMMENTS = YES;
				CLANG_WARN_EMPTY_BODY = YES;
				CLANG_WARN_ENUM_CONVERSION = YES;
				CLANG_WARN_INFINITE_RECURSION = YES;
				CLANG_WARN_INT_CONVERSION = YES;
				CLANG_WARN_NON_LITERAL_NULL_CONVERSION = YES;
				CLANG_WARN_OBJC_IMPLICIT_RETAIN_SELF = YES;
				CLANG_WARN_OBJC_LITERAL_CONVERSION = YES;
				CLANG_WARN_OBJC_ROOT_CLASS = YES_ERROR;
				CLANG_WARN_QUOTED_INCLUDE_IN_FRAMEWORK_HEADER = YES;
				CLANG_WARN_RANGE_LOOP_ANALYSIS = YES;
				CLANG_WARN_STRICT_PROTOTYPES = YES;
				CLANG_WARN_SUSPICIOUS_MOVE = YES;
				CLANG_WARN_UNGUARDED_AVAILABILITY = YES_AGGRESSIVE;
				CLANG_WARN_UNREACHABLE_CODE = YES;
				CLANG_WARN__DUPLICATE_METHOD_MATCH = YES;
				COPY_PHASE_STRIP = NO;
				DEBUG_INFORMATION_FORMAT = "dwarf-with-dsym";
				ENABLE_NS_ASSERTIONS = NO;
				ENABLE_STRICT_OBJC_MSGSEND = YES;
				ENABLE_USER_SCRIPT_SANDBOXING = YES;
				GCC_C_LANGUAGE_STANDARD = gnu17;
				GCC_NO_COMMON_BLOCKS = YES;
				GCC_WARN_64_TO_32_BIT_CONVERSION = YES;
				GCC_WARN_ABOUT_RETURN_TYPE = YES_ERROR;
				GCC_WARN_UNDECLARED_SELECTOR = YES;
				GCC_WARN_UNINITIALIZED_AUTOS = YES_AGGRESSIVE;
				GCC_WARN_UNUSED_FUNCTION = YES;
				GCC_WARN_UNUSED_VARIABLE = YES;
				LOCALIZATION_PREFERS_STRING_CATALOGS = YES;
				MACOSX_DEPLOYMENT_TARGET = 14.5;
				MTL_ENABLE_DEBUG_INFO = NO;
				MTL_FAST_MATH = YES;
				SDKROOT = macosx;
				SWIFT_COMPILATION_MODE = wholemodule;
			};
			name = Release;
		};
		57680E0B2C6789D9000233B9 /* Debug */ = {
			isa = XCBuildConfiguration;
			buildSettings = {
				ASSETCATALOG_COMPILER_APPICON_NAME = AppIcon;
				ASSETCATALOG_COMPILER_GLOBAL_ACCENT_COLOR_NAME = AccentColor;
				CODE_SIGN_ENTITLEMENTS = MacIsland/MacIsland.entitlements;
				CODE_SIGN_STYLE = Automatic;
				COMBINE_HIDPI_IMAGES = YES;
				CURRENT_PROJECT_VERSION = 1;
				DEVELOPMENT_ASSET_PATHS = "\"MacIsland/Preview Content\"";
				DEVELOPMENT_TEAM = 86Y9L37F45;
				ENABLE_HARDENED_RUNTIME = YES;
				ENABLE_PREVIEWS = YES;
				GENERATE_INFOPLIST_FILE = YES;
				INFOPLIST_KEY_NSHumanReadableCopyright = "";
				LD_RUNPATH_SEARCH_PATHS = (
					"$(inherited)",
					"@executable_path/../Frameworks",
				);
				MARKETING_VERSION = 1.0;
				PRODUCT_BUNDLE_IDENTIFIER = com.rkinnovate.MacIsland;
				PRODUCT_NAME = "$(TARGET_NAME)";
				SWIFT_EMIT_LOC_STRINGS = YES;
				SWIFT_VERSION = 5.0;
			};
			name = Debug;
		};
		57680E0C2C6789D9000233B9 /* Release */ = {
			isa = XCBuildConfiguration;
			buildSettings = {
				ASSETCATALOG_COMPILER_APPICON_NAME = AppIcon;
				ASSETCATALOG_COMPILER_GLOBAL_ACCENT_COLOR_NAME = AccentColor;
				CODE_SIGN_ENTITLEMENTS = MacIsland/MacIsland.entitlements;
				CODE_SIGN_STYLE = Automatic;
				COMBINE_HIDPI_IMAGES = YES;
				CURRENT_PROJECT_VERSION = 1;
				DEVELOPMENT_ASSET_PATHS = "\"MacIsland/Preview Content\"";
				DEVELOPMENT_TEAM = 86Y9L37F45;
				ENABLE_HARDENED_RUNTIME = YES;
				ENABLE_PREVIEWS = YES;
				GENERATE_INFOPLIST_FILE = YES;
				INFOPLIST_KEY_NSHumanReadableCopyright = "";
				LD_RUNPATH_SEARCH_PATHS = (
					"$(inherited)",
					"@executable_path/../Frameworks",
				);
				MARKETING_VERSION = 1.0;
				PRODUCT_BUNDLE_IDENTIFIER = com.rkinnovate.MacIsland;
				PRODUCT_NAME = "$(TARGET_NAME)";
				SWIFT_EMIT_LOC_STRINGS = YES;
				SWIFT_VERSION = 5.0;
			};
			name = Release;
		};
		57680E0E2C6789D9000233B9 /* Debug */ = {
			isa = XCBuildConfiguration;
			buildSettings = {
				ALWAYS_EMBED_SWIFT_STANDARD_LIBRARIES = YES;
				BUNDLE_LOADER = "$(TEST_HOST)";
				CODE_SIGN_STYLE = Automatic;
				CURRENT_PROJECT_VERSION = 1;
				DEVELOPMENT_TEAM = 86Y9L37F45;
				GENERATE_INFOPLIST_FILE = YES;
				MACOSX_DEPLOYMENT_TARGET = 14.5;
				MARKETING_VERSION = 1.0;
				PRODUCT_BUNDLE_IDENTIFIER = com.rkinnovate.MacIslandTests;
				PRODUCT_NAME = "$(TARGET_NAME)";
				SWIFT_EMIT_LOC_STRINGS = NO;
				SWIFT_VERSION = 5.0;
				TEST_HOST = "$(BUILT_PRODUCTS_DIR)/MacIsland.app/$(BUNDLE_EXECUTABLE_FOLDER_PATH)/MacIsland";
			};
			name = Debug;
		};
		57680E0F2C6789D9000233B9 /* Release */ = {
			isa = XCBuildConfiguration;
			buildSettings = {
				ALWAYS_EMBED_SWIFT_STANDARD_LIBRARIES = YES;
				BUNDLE_LOADER = "$(TEST_HOST)";
				CODE_SIGN_STYLE = Automatic;
				CURRENT_PROJECT_VERSION = 1;
				DEVELOPMENT_TEAM = 86Y9L37F45;
				GENERATE_INFOPLIST_FILE = YES;
				MACOSX_DEPLOYMENT_TARGET = 14.5;
				MARKETING_VERSION = 1.0;
				PRODUCT_BUNDLE_IDENTIFIER = com.rkinnovate.MacIslandTests;
				PRODUCT_NAME = "$(TARGET_NAME)";
				SWIFT_EMIT_LOC_STRINGS = NO;
				SWIFT_VERSION = 5.0;
				TEST_HOST = "$(BUILT_PRODUCTS_DIR)/MacIsland.app/$(BUNDLE_EXECUTABLE_FOLDER_PATH)/MacIsland";
			};
			name = Release;
		};
		57680E112C6789D9000233B9 /* Debug */ = {
			isa = XCBuildConfiguration;
			buildSettings = {
				ALWAYS_EMBED_SWIFT_STANDARD_LIBRARIES = YES;
				CODE_SIGN_STYLE = Automatic;
				CURRENT_PROJECT_VERSION = 1;
				DEVELOPMENT_TEAM = 86Y9L37F45;
				GENERATE_INFOPLIST_FILE = YES;
				MARKETING_VERSION = 1.0;
				PRODUCT_BUNDLE_IDENTIFIER = com.rkinnovate.MacIslandUITests;
				PRODUCT_NAME = "$(TARGET_NAME)";
				SWIFT_EMIT_LOC_STRINGS = NO;
				SWIFT_VERSION = 5.0;
				TEST_TARGET_NAME = MacIsland;
			};
			name = Debug;
		};
		57680E122C6789D9000233B9 /* Release */ = {
			isa = XCBuildConfiguration;
			buildSettings = {
				ALWAYS_EMBED_SWIFT_STANDARD_LIBRARIES = YES;
				CODE_SIGN_STYLE = Automatic;
				CURRENT_PROJECT_VERSION = 1;
				DEVELOPMENT_TEAM = 86Y9L37F45;
				GENERATE_INFOPLIST_FILE = YES;
				MARKETING_VERSION = 1.0;
				PRODUCT_BUNDLE_IDENTIFIER = com.rkinnovate.MacIslandUITests;
				PRODUCT_NAME = "$(TARGET_NAME)";
				SWIFT_EMIT_LOC_STRINGS = NO;
				SWIFT_VERSION = 5.0;
				TEST_TARGET_NAME = MacIsland;
			};
			name = Release;
		};
/* End XCBuildConfiguration section */

/* Begin XCConfigurationList section */
		57680DE02C6789D8000233B9 /* Build configuration list for PBXProject "MacIsland" */ = {
			isa = XCConfigurationList;
			buildConfigurations = (
				57680E082C6789D9000233B9 /* Debug */,
				57680E092C6789D9000233B9 /* Release */,
			);
			defaultConfigurationIsVisible = 0;
			defaultConfigurationName = Release;
		};
		57680E0A2C6789D9000233B9 /* Build configuration list for PBXNativeTarget "MacIsland" */ = {
			isa = XCConfigurationList;
			buildConfigurations = (
				57680E0B2C6789D9000233B9 /* Debug */,
				57680E0C2C6789D9000233B9 /* Release */,
			);
			defaultConfigurationIsVisible = 0;
			defaultConfigurationName = Release;
		};
		57680E0D2C6789D9000233B9 /* Build configuration list for PBXNativeTarget "MacIslandTests" */ = {
			isa = XCConfigurationList;
			buildConfigurations = (
				57680E0E2C6789D9000233B9 /* Debug */,
				57680E0F2C6789D9000233B9 /* Release */,
			);
			defaultConfigurationIsVisible = 0;
			defaultConfigurationName = Release;
		};
		57680E102C6789D9000233B9 /* Build configuration list for PBXNativeTarget "MacIslandUITests" */ = {
			isa = XCConfigurationList;
			buildConfigurations = (
				57680E112C6789D9000233B9 /* Debug */,
				57680E122C6789D9000233B9 /* Release */,
			);
			defaultConfigurationIsVisible = 0;
			defaultConfigurationName = Release;
		};
/* End XCConfigurationList section */
	};
	rootObject = 57680DDD2C6789D8000233B9 /* Project object */;
}
